
Microsoft Visual Studio Solution File, Format Version 12.00
# Visual Studio 14
VisualStudioVersion = 14.0.25420.1
MinimumVisualStudioVersion = 10.0.40219.1
Project("{FAE04EC0-301F-11D3-BF4B-00C04F79EFBC}") = "CyberoamLite", "CyberoamLite\CyberoamLite.csproj", "{606F0BBD-FAE2-4DB8-8C22-BAAF46CCAEEE}"
EndProject
Global
	GlobalSection(SolutionConfigurationPlatforms) = preSolution
		Debug|ARM = Debug|ARM
		Debug|neutral = Debug|neutral
		Debug|x64 = Debug|x64
		Debug|x86 = Debug|x86
		Release|ARM = Release|ARM
		Release|neutral = Release|neutral
		Release|x64 = Release|x64
		Release|x86 = Release|x86
	EndGlobalSection
	GlobalSection(ProjectConfigurationPlatforms) = postSolution
		{606F0BBD-FAE2-4DB8-8C22-BAAF46CCAEEE}.Debug|ARM.ActiveCfg = Debug|ARM
		{606F0BBD-FAE2-4DB8-8C22-BAAF46CCAEEE}.Debug|ARM.Build.0 = Debug|ARM
		{606F0BBD-FAE2-4DB8-8C22-BAAF46CCAEEE}.Debug|ARM.Deploy.0 = Debug|ARM
		{606F0BBD-FAE2-4DB8-8C22-BAAF46CCAEEE}.Debug|neutral.ActiveCfg = Debug|Any CPU
		{606F0BBD-FAE2-4DB8-8C22-BAAF46CCAEEE}.Debug|neutral.Build.0 = Debug|Any CPU
		{606F0BBD-FAE2-4DB8-8C22-BAAF46CCAEEE}.Debug|neutral.Deploy.0 = Debug|Any CPU
		{606F0BBD-FAE2-4DB8-8C22-BAAF46CCAEEE}.Debug|x64.ActiveCfg = Debug|x64
		{606F0BBD-FAE2-4DB8-8C22-BAAF46CCAEEE}.Debug|x64.Build.0 = Debug|x64
		{606F0BBD-FAE2-4DB8-8C22-BAAF46CCAEEE}.Debug|x64.Deploy.0 = Debug|x64
		{606F0BBD-FAE2-4DB8-8C22-BAAF46CCAEEE}.Debug|x86.ActiveCfg = Debug|x86
		{606F0BBD-FAE2-4DB8-8C22-BAAF46CCAEEE}.Debug|x86.Build.0 = Debug|x86
		{606F0BBD-FAE2-4DB8-8C22-BAAF46CCAEEE}.Debug|x86.Deploy.0 = Debug|x86
		{606F0BBD-FAE2-4DB8-8C22-BAAF46CCAEEE}.Release|ARM.ActiveCfg = Release|ARM
		{606F0BBD-FAE2-4DB8-8C22-BAAF46CCAEEE}.Release|ARM.Build.0 = Release|ARM
		{606F0BBD-FAE2-4DB8-8C22-BAAF46CCAEEE}.Release|ARM.Deploy.0 = Release|ARM
		{606F0BBD-FAE2-4DB8-8C22-BAAF46CCAEEE}.Release|neutral.ActiveCfg = Release|Any CPU
		{606F0BBD-FAE2-4DB8-8C22-BAAF46CCAEEE}.Release|neutral.Build.0 = Release|Any CPU
		{606F0BBD-FAE2-4DB8-8C22-BAAF46CCAEEE}.Release|neutral.Deploy.0 = Release|Any CPU
		{606F0BBD-FAE2-4DB8-8C22-BAAF46CCAEEE}.Release|x64.ActiveCfg = Release|x64
		{606F0BBD-FAE2-4DB8-8C22-BAAF46CCAEEE}.Release|x64.Build.0 = Release|x64
		{606F0BBD-FAE2-4DB8-8C22-BAAF46CCAEEE}.Release|x64.Deploy.0 = Release|x64
		{606F0BBD-FAE2-4DB8-8C22-BAAF46CCAEEE}.Release|x86.ActiveCfg = Release|x86
		{606F0BBD-FAE2-4DB8-8C22-BAAF46CCAEEE}.Release|x86.Build.0 = Release|x86
		{606F0BBD-FAE2-4DB8-8C22-BAAF46CCAEEE}.Release|x86.Deploy.0 = Release|x86
	EndGlobalSection
	GlobalSection(SolutionProperties) = preSolution
		HideSolutionNode = FALSE
	EndGlobalSection
EndGlobal
